
Microsoft Visual Studio Solution File, Format Version 12.00
# Visual Studio Version 17
VisualStudioVersion = 17.5.002.0
MinimumVisualStudioVersion = 10.0.40219.1
Project("{9A19103F-16F7-4668-BE54-9A1E7A4F7556}") = "BurningShipFractal", "BurningShipFractal\BurningShipFractal.csproj", "{BFD492E9-E504-4940-BE52-5EC97FC69BBA}"
EndProject
Project("{9A19103F-16F7-4668-BE54-9A1E7A4F7556}") = "GameOfLife", "GameOfLife\GameOfLife.csproj", "{FEC4BA89-0B21-4D80-94AB-76FCD83E52BC}"
EndProject
Project("{9A19103F-16F7-4668-BE54-9A1E7A4F7556}") = "GuessTheNumber", "GuessTheNumber\GuessTheNumber.csproj", "{BC9FF8A2-DD68-4D29-9FAC-0409FCDBCE90}"
EndProject
Project("{9A19103F-16F7-4668-BE54-9A1E7A4F7556}") = "HelloWorld", "HelloWorld\HelloWorld.csproj", "{E0E2D1C4-3CE4-4EB0-8BC6-654166119FF8}"
EndProject
Project("{9A19103F-16F7-4668-BE54-9A1E7A4F7556}") = "ImageInverser", "ImageInverser\ImageInverser.csproj", "{97DE7956-1AE5-4556-8B0C-E907CC98D0B5}"
EndProject
Project("{9A19103F-16F7-4668-BE54-9A1E7A4F7556}") = "JuliaSet", "JuliaSet\JuliaSet.csproj", "{3B3C93C3-6658-4755-AB48-957F8028D453}"
EndProject
Project("{9A19103F-16F7-4668-BE54-9A1E7A4F7556}") = "MandelbrotEvolution", "MandelbrotEvolution\MandelbrotEvolution.csproj", "{BAA817B4-3A02-45EA-B705-6911964A90E7}"
EndProject
Project("{9A19103F-16F7-4668-BE54-9A1E7A4F7556}") = "MandelbrotSet", "MandelbrotSet\MandelbrotSet.csproj", "{96B52821-737B-4248-9D93-062A5234B399}"
EndProject
Project("{9A19103F-16F7-4668-BE54-9A1E7A4F7556}") = "MandelbrotSetColourPalette", "MandelbrotSetColourPalette\MandelbrotSetColourPalette.csproj", "{61F4912F-338E-4145-ADFB-2527485063CD}"
EndProject
Global
	GlobalSection(SolutionConfigurationPlatforms) = preSolution
		Debug|Any CPU = Debug|Any CPU
		Release|Any CPU = Release|Any CPU
	EndGlobalSection
	GlobalSection(ProjectConfigurationPlatforms) = postSolution
		{BFD492E9-E504-4940-BE52-5EC97FC69BBA}.Debug|Any CPU.ActiveCfg = Debug|Any CPU
		{BFD492E9-E504-4940-BE52-5EC97FC69BBA}.Debug|Any CPU.Build.0 = Debug|Any CPU
		{BFD492E9-E504-4940-BE52-5EC97FC69BBA}.Release|Any CPU.ActiveCfg = Release|Any CPU
		{BFD492E9-E504-4940-BE52-5EC97FC69BBA}.Release|Any CPU.Build.0 = Release|Any CPU
		{FEC4BA89-0B21-4D80-94AB-76FCD83E52BC}.Debug|Any CPU.ActiveCfg = Debug|Any CPU
		{FEC4BA89-0B21-4D80-94AB-76FCD83E52BC}.Debug|Any CPU.Build.0 = Debug|Any CPU
		{FEC4BA89-0B21-4D80-94AB-76FCD83E52BC}.Release|Any CPU.ActiveCfg = Release|Any CPU
		{FEC4BA89-0B21-4D80-94AB-76FCD83E52BC}.Release|Any CPU.Build.0 = Release|Any CPU
		{BC9FF8A2-DD68-4D29-9FAC-0409FCDBCE90}.Debug|Any CPU.ActiveCfg = Debug|Any CPU
		{BC9FF8A2-DD68-4D29-9FAC-0409FCDBCE90}.Debug|Any CPU.Build.0 = Debug|Any CPU
		{BC9FF8A2-DD68-4D29-9FAC-0409FCDBCE90}.Release|Any CPU.ActiveCfg = Release|Any CPU
		{BC9FF8A2-DD68-4D29-9FAC-0409FCDBCE90}.Release|Any CPU.Build.0 = Release|Any CPU
		{E0E2D1C4-3CE4-4EB0-8BC6-654166119FF8}.Debug|Any CPU.ActiveCfg = Debug|Any CPU
		{E0E2D1C4-3CE4-4EB0-8BC6-654166119FF8}.Debug|Any CPU.Build.0 = Debug|Any CPU
		{E0E2D1C4-3CE4-4EB0-8BC6-654166119FF8}.Release|Any CPU.ActiveCfg = Release|Any CPU
		{E0E2D1C4-3CE4-4EB0-8BC6-654166119FF8}.Release|Any CPU.Build.0 = Release|Any CPU
		{97DE7956-1AE5-4556-8B0C-E907CC98D0B5}.Debug|Any CPU.ActiveCfg = Debug|Any CPU
		{97DE7956-1AE5-4556-8B0C-E907CC98D0B5}.Debug|Any CPU.Build.0 = Debug|Any CPU
		{97DE7956-1AE5-4556-8B0C-E907CC98D0B5}.Release|Any CPU.ActiveCfg = Release|Any CPU
		{97DE7956-1AE5-4556-8B0C-E907CC98D0B5}.Release|Any CPU.Build.0 = Release|Any CPU
		{3B3C93C3-6658-4755-AB48-957F8028D453}.Debug|Any CPU.ActiveCfg = Debug|Any CPU
		{3B3C93C3-6658-4755-AB48-957F8028D453}.Debug|Any CPU.Build.0 = Debug|Any CPU
		{3B3C93C3-6658-4755-AB48-957F8028D453}.Release|Any CPU.ActiveCfg = Release|Any CPU
		{3B3C93C3-6658-4755-AB48-957F8028D453}.Release|Any CPU.Build.0 = Release|Any CPU
		{BAA817B4-3A02-45EA-B705-6911964A90E7}.Debug|Any CPU.ActiveCfg = Debug|Any CPU
		{BAA817B4-3A02-45EA-B705-6911964A90E7}.Debug|Any CPU.Build.0 = Debug|Any CPU
		{BAA817B4-3A02-45EA-B705-6911964A90E7}.Release|Any CPU.ActiveCfg = Release|Any CPU
		{BAA817B4-3A02-45EA-B705-6911964A90E7}.Release|Any CPU.Build.0 = Release|Any CPU
		{96B52821-737B-4248-9D93-062A5234B399}.Debug|Any CPU.ActiveCfg = Debug|Any CPU
		{96B52821-737B-4248-9D93-062A5234B399}.Debug|Any CPU.Build.0 = Debug|Any CPU
		{96B52821-737B-4248-9D93-062A5234B399}.Release|Any CPU.ActiveCfg = Release|Any CPU
		{96B52821-737B-4248-9D93-062A5234B399}.Release|Any CPU.Build.0 = Release|Any CPU
		{61F4912F-338E-4145-ADFB-2527485063CD}.Debug|Any CPU.ActiveCfg = Debug|Any CPU
		{61F4912F-338E-4145-ADFB-2527485063CD}.Debug|Any CPU.Build.0 = Debug|Any CPU
		{61F4912F-338E-4145-ADFB-2527485063CD}.Release|Any CPU.ActiveCfg = Release|Any CPU
		{61F4912F-338E-4145-ADFB-2527485063CD}.Release|Any CPU.Build.0 = Release|Any CPU
	EndGlobalSection
	GlobalSection(SolutionProperties) = preSolution
		HideSolutionNode = FALSE
	EndGlobalSection
	GlobalSection(ExtensibilityGlobals) = postSolution
		SolutionGuid = {3909A9FA-A455-41C6-BD21-5C388BA91D7E}
	EndGlobalSection
EndGlobal
