
Microsoft Visual Studio Solution File, Format Version 12.00
# Visual Studio Version 17
VisualStudioVersion = 17.5.002.0
MinimumVisualStudioVersion = 10.0.40219.1
Project("{9A19103F-16F7-4668-BE54-9A1E7A4F7556}") = "BurningShipFractal", "BurningShipFractal\BurningShipFractal.csproj", "{44CA7321-7839-4D78-9F7E-D6DFB684A277}"
EndProject
Project("{9A19103F-16F7-4668-BE54-9A1E7A4F7556}") = "GameOfLife", "GameOfLife\GameOfLife.csproj", "{324AF564-FCE9-4B99-B82A-8605DFE6FFD8}"
EndProject
Project("{9A19103F-16F7-4668-BE54-9A1E7A4F7556}") = "GuessTheNumber", "GuessTheNumber\GuessTheNumber.csproj", "{101202CA-6447-413A-B105-E1782C767876}"
EndProject
Project("{9A19103F-16F7-4668-BE54-9A1E7A4F7556}") = "HelloWorld", "HelloWorld\HelloWorld.csproj", "{02E6D1C7-D76F-4FAB-929C-329B660A052A}"
EndProject
Project("{9A19103F-16F7-4668-BE54-9A1E7A4F7556}") = "ImageInverser", "ImageInverser\ImageInverser.csproj", "{D6502DA7-D172-48BA-A473-1C39053D1A58}"
EndProject
Project("{9A19103F-16F7-4668-BE54-9A1E7A4F7556}") = "JuliaSet", "JuliaSet\JuliaSet.csproj", "{43C6568F-8A0A-4062-BB6C-022BB3BE23E4}"
EndProject
Project("{9A19103F-16F7-4668-BE54-9A1E7A4F7556}") = "MandelbrotEvolution", "MandelbrotEvolution\MandelbrotEvolution.csproj", "{F2CAB802-7C71-4C3F-AFEE-955308529C78}"
EndProject
Project("{9A19103F-16F7-4668-BE54-9A1E7A4F7556}") = "MandelbrotSet", "MandelbrotSet\MandelbrotSet.csproj", "{204FA5F6-1FDE-4CA4-82B6-8C21197F0CDA}"
EndProject
Global
	GlobalSection(SolutionConfigurationPlatforms) = preSolution
		Debug|Any CPU = Debug|Any CPU
		Release|Any CPU = Release|Any CPU
	EndGlobalSection
	GlobalSection(ProjectConfigurationPlatforms) = postSolution
		{44CA7321-7839-4D78-9F7E-D6DFB684A277}.Debug|Any CPU.ActiveCfg = Debug|Any CPU
		{44CA7321-7839-4D78-9F7E-D6DFB684A277}.Debug|Any CPU.Build.0 = Debug|Any CPU
		{44CA7321-7839-4D78-9F7E-D6DFB684A277}.Release|Any CPU.ActiveCfg = Release|Any CPU
		{44CA7321-7839-4D78-9F7E-D6DFB684A277}.Release|Any CPU.Build.0 = Release|Any CPU
		{324AF564-FCE9-4B99-B82A-8605DFE6FFD8}.Debug|Any CPU.ActiveCfg = Debug|Any CPU
		{324AF564-FCE9-4B99-B82A-8605DFE6FFD8}.Debug|Any CPU.Build.0 = Debug|Any CPU
		{324AF564-FCE9-4B99-B82A-8605DFE6FFD8}.Release|Any CPU.ActiveCfg = Release|Any CPU
		{324AF564-FCE9-4B99-B82A-8605DFE6FFD8}.Release|Any CPU.Build.0 = Release|Any CPU
		{101202CA-6447-413A-B105-E1782C767876}.Debug|Any CPU.ActiveCfg = Debug|Any CPU
		{101202CA-6447-413A-B105-E1782C767876}.Debug|Any CPU.Build.0 = Debug|Any CPU
		{101202CA-6447-413A-B105-E1782C767876}.Release|Any CPU.ActiveCfg = Release|Any CPU
		{101202CA-6447-413A-B105-E1782C767876}.Release|Any CPU.Build.0 = Release|Any CPU
		{02E6D1C7-D76F-4FAB-929C-329B660A052A}.Debug|Any CPU.ActiveCfg = Debug|Any CPU
		{02E6D1C7-D76F-4FAB-929C-329B660A052A}.Debug|Any CPU.Build.0 = Debug|Any CPU
		{02E6D1C7-D76F-4FAB-929C-329B660A052A}.Release|Any CPU.ActiveCfg = Release|Any CPU
		{02E6D1C7-D76F-4FAB-929C-329B660A052A}.Release|Any CPU.Build.0 = Release|Any CPU
		{D6502DA7-D172-48BA-A473-1C39053D1A58}.Debug|Any CPU.ActiveCfg = Debug|Any CPU
		{D6502DA7-D172-48BA-A473-1C39053D1A58}.Debug|Any CPU.Build.0 = Debug|Any CPU
		{D6502DA7-D172-48BA-A473-1C39053D1A58}.Release|Any CPU.ActiveCfg = Release|Any CPU
		{D6502DA7-D172-48BA-A473-1C39053D1A58}.Release|Any CPU.Build.0 = Release|Any CPU
		{43C6568F-8A0A-4062-BB6C-022BB3BE23E4}.Debug|Any CPU.ActiveCfg = Debug|Any CPU
		{43C6568F-8A0A-4062-BB6C-022BB3BE23E4}.Debug|Any CPU.Build.0 = Debug|Any CPU
		{43C6568F-8A0A-4062-BB6C-022BB3BE23E4}.Release|Any CPU.ActiveCfg = Release|Any CPU
		{43C6568F-8A0A-4062-BB6C-022BB3BE23E4}.Release|Any CPU.Build.0 = Release|Any CPU
		{F2CAB802-7C71-4C3F-AFEE-955308529C78}.Debug|Any CPU.ActiveCfg = Debug|Any CPU
		{F2CAB802-7C71-4C3F-AFEE-955308529C78}.Debug|Any CPU.Build.0 = Debug|Any CPU
		{F2CAB802-7C71-4C3F-AFEE-955308529C78}.Release|Any CPU.ActiveCfg = Release|Any CPU
		{F2CAB802-7C71-4C3F-AFEE-955308529C78}.Release|Any CPU.Build.0 = Release|Any CPU
		{204FA5F6-1FDE-4CA4-82B6-8C21197F0CDA}.Debug|Any CPU.ActiveCfg = Debug|Any CPU
		{204FA5F6-1FDE-4CA4-82B6-8C21197F0CDA}.Debug|Any CPU.Build.0 = Debug|Any CPU
		{204FA5F6-1FDE-4CA4-82B6-8C21197F0CDA}.Release|Any CPU.ActiveCfg = Release|Any CPU
		{204FA5F6-1FDE-4CA4-82B6-8C21197F0CDA}.Release|Any CPU.Build.0 = Release|Any CPU
	EndGlobalSection
	GlobalSection(SolutionProperties) = preSolution
		HideSolutionNode = FALSE
	EndGlobalSection
	GlobalSection(ExtensibilityGlobals) = postSolution
		SolutionGuid = {3909A9FA-A455-41C6-BD21-5C388BA91D7E}
	EndGlobalSection
EndGlobal
